
Microsoft Visual Studio Solution File, Format Version 12.00
# Visual Studio Version 17
VisualStudioVersion = 17.3.32825.248
MinimumVisualStudioVersion = 10.0.40219.1
Project("{FAE04EC0-301F-11D3-BF4B-00C04F79EFBC}") = "CRUD", "CRUD.csproj", "{A1DC87E4-2C0F-442D-AA5B-30A7742EFC90}"
EndProject
Global
	GlobalSection(SolutionConfigurationPlatforms) = preSolution
		Debug|Any CPU = Debug|Any CPU
		Release|Any CPU = Release|Any CPU
	EndGlobalSection
	GlobalSection(ProjectConfigurationPlatforms) = postSolution
		{A1DC87E4-2C0F-442D-AA5B-30A7742EFC90}.Debug|Any CPU.ActiveCfg = Debug|Any CPU
		{A1DC87E4-2C0F-442D-AA5B-30A7742EFC90}.Debug|Any CPU.Build.0 = Debug|Any CPU
		{A1DC87E4-2C0F-442D-AA5B-30A7742EFC90}.Release|Any CPU.ActiveCfg = Release|Any CPU
		{A1DC87E4-2C0F-442D-AA5B-30A7742EFC90}.Release|Any CPU.Build.0 = Release|Any CPU
	EndGlobalSection
	GlobalSection(SolutionProperties) = preSolution
		HideSolutionNode = FALSE
	EndGlobalSection
	GlobalSection(ExtensibilityGlobals) = postSolution
		SolutionGuid = {BBFB0534-2CA1-42B8-ABD4-43DA19221C22}
	EndGlobalSection
EndGlobal
